
Microsoft Visual Studio Solution File, Format Version 12.00
# Visual Studio Version 16
VisualStudioVersion = 16.0.29920.165
MinimumVisualStudioVersion = 10.0.40219.1
Project("{FAE04EC0-301F-11D3-BF4B-00C04F79EFBC}") = "exemplo1X509Store", "exemplo1X509Store\exemplo1X509Store.csproj", "{D06B7BE5-F6E6-4713-8BDE-9E680D44D9D0}"
EndProject
Global
	GlobalSection(SolutionConfigurationPlatforms) = preSolution
		Debug|Any CPU = Debug|Any CPU
		Release|Any CPU = Release|Any CPU
	EndGlobalSection
	GlobalSection(ProjectConfigurationPlatforms) = postSolution
		{D06B7BE5-F6E6-4713-8BDE-9E680D44D9D0}.Debug|Any CPU.ActiveCfg = Debug|Any CPU
		{D06B7BE5-F6E6-4713-8BDE-9E680D44D9D0}.Debug|Any CPU.Build.0 = Debug|Any CPU
		{D06B7BE5-F6E6-4713-8BDE-9E680D44D9D0}.Release|Any CPU.ActiveCfg = Release|Any CPU
		{D06B7BE5-F6E6-4713-8BDE-9E680D44D9D0}.Release|Any CPU.Build.0 = Release|Any CPU
	EndGlobalSection
	GlobalSection(SolutionProperties) = preSolution
		HideSolutionNode = FALSE
	EndGlobalSection
	GlobalSection(ExtensibilityGlobals) = postSolution
		SolutionGuid = {E4313D4A-BA4F-42F4-B1F8-71079A00D60A}
	EndGlobalSection
EndGlobal
